
Microsoft Visual Studio Solution File, Format Version 12.00
# Visual Studio Version 17
VisualStudioVersion = 17.11.35312.102
MinimumVisualStudioVersion = 10.0.40219.1
Project("{9A19103F-16F7-4668-BE54-9A1E7A4F7556}") = "View", "View\View.csproj", "{314273F5-5806-4AB9-8AEE-5B8FF4D87CF5}"
EndProject
Project("{9A19103F-16F7-4668-BE54-9A1E7A4F7556}") = "Domain", "Domain\Domain.csproj", "{F116A4ED-E696-4A40-B4B6-741674708DEF}"
EndProject
Project("{9A19103F-16F7-4668-BE54-9A1E7A4F7556}") = "Services", "Services\Services.csproj", "{3D0DE8AA-F515-4323-B3C2-CC147DA15BE0}"
EndProject
Project("{9A19103F-16F7-4668-BE54-9A1E7A4F7556}") = "Common", "Common\Common.csproj", "{171214DE-5B9C-4CAE-9BF6-6DE80A9E940C}"
EndProject
Project("{FAE04EC0-301F-11D3-BF4B-00C04F79EFBC}") = "Data", "Data\Data.csproj", "{AA4C034E-0DB4-4CA4-B525-8B4E1169F41D}"
EndProject
Global
	GlobalSection(SolutionConfigurationPlatforms) = preSolution
		Debug|Any CPU = Debug|Any CPU
		Release|Any CPU = Release|Any CPU
	EndGlobalSection
	GlobalSection(ProjectConfigurationPlatforms) = postSolution
		{314273F5-5806-4AB9-8AEE-5B8FF4D87CF5}.Debug|Any CPU.ActiveCfg = Debug|Any CPU
		{314273F5-5806-4AB9-8AEE-5B8FF4D87CF5}.Debug|Any CPU.Build.0 = Debug|Any CPU
		{314273F5-5806-4AB9-8AEE-5B8FF4D87CF5}.Release|Any CPU.ActiveCfg = Release|Any CPU
		{314273F5-5806-4AB9-8AEE-5B8FF4D87CF5}.Release|Any CPU.Build.0 = Release|Any CPU
		{F116A4ED-E696-4A40-B4B6-741674708DEF}.Debug|Any CPU.ActiveCfg = Debug|Any CPU
		{F116A4ED-E696-4A40-B4B6-741674708DEF}.Debug|Any CPU.Build.0 = Debug|Any CPU
		{F116A4ED-E696-4A40-B4B6-741674708DEF}.Release|Any CPU.ActiveCfg = Release|Any CPU
		{F116A4ED-E696-4A40-B4B6-741674708DEF}.Release|Any CPU.Build.0 = Release|Any CPU
		{3D0DE8AA-F515-4323-B3C2-CC147DA15BE0}.Debug|Any CPU.ActiveCfg = Debug|Any CPU
		{3D0DE8AA-F515-4323-B3C2-CC147DA15BE0}.Debug|Any CPU.Build.0 = Debug|Any CPU
		{3D0DE8AA-F515-4323-B3C2-CC147DA15BE0}.Release|Any CPU.ActiveCfg = Release|Any CPU
		{3D0DE8AA-F515-4323-B3C2-CC147DA15BE0}.Release|Any CPU.Build.0 = Release|Any CPU
		{171214DE-5B9C-4CAE-9BF6-6DE80A9E940C}.Debug|Any CPU.ActiveCfg = Debug|Any CPU
		{171214DE-5B9C-4CAE-9BF6-6DE80A9E940C}.Debug|Any CPU.Build.0 = Debug|Any CPU
		{171214DE-5B9C-4CAE-9BF6-6DE80A9E940C}.Release|Any CPU.ActiveCfg = Release|Any CPU
		{171214DE-5B9C-4CAE-9BF6-6DE80A9E940C}.Release|Any CPU.Build.0 = Release|Any CPU
		{AA4C034E-0DB4-4CA4-B525-8B4E1169F41D}.Debug|Any CPU.ActiveCfg = Debug|Any CPU
		{AA4C034E-0DB4-4CA4-B525-8B4E1169F41D}.Debug|Any CPU.Build.0 = Debug|Any CPU
		{AA4C034E-0DB4-4CA4-B525-8B4E1169F41D}.Release|Any CPU.ActiveCfg = Release|Any CPU
		{AA4C034E-0DB4-4CA4-B525-8B4E1169F41D}.Release|Any CPU.Build.0 = Release|Any CPU
	EndGlobalSection
	GlobalSection(SolutionProperties) = preSolution
		HideSolutionNode = FALSE
	EndGlobalSection
	GlobalSection(ExtensibilityGlobals) = postSolution
		SolutionGuid = {8C4C3E5B-4827-4ADA-8511-4FF2F1E219F3}
	EndGlobalSection
EndGlobal
